Microsoft Visual Studio Solution File, Format Version 11.00
# Visual Studio 2008

Project("{F5D7E253-2CC9-AD16-BC2A-41222D76F269}") = "business", "Assembly-CSharp.csproj", "{0E8127B2-3005-8207-8CC3-A50D7CDDEB43}"
EndProject
Project("{F5D7E253-2CC9-AD16-BC2A-41222D76F269}") = "business", "Assembly-CSharp-Editor.csproj", "{411C26BB-7D91-2A9A-F47A-374706184CF1}"
EndProject
Global
	GlobalSection(SolutionConfigurationPlatforms) = preSolution
		Debug|Any CPU = Debug|Any CPU
		Release|Any CPU = Release|Any CPU
	EndGlobalSection
	GlobalSection(ProjectConfigurationPlatforms) = postSolution
		{0E8127B2-3005-8207-8CC3-A50D7CDDEB43}.Debug|Any CPU.ActiveCfg = Debug|Any CPU
		{0E8127B2-3005-8207-8CC3-A50D7CDDEB43}.Debug|Any CPU.Build.0 = Debug|Any CPU
		{0E8127B2-3005-8207-8CC3-A50D7CDDEB43}.Release|Any CPU.ActiveCfg = Release|Any CPU
		{0E8127B2-3005-8207-8CC3-A50D7CDDEB43}.Release|Any CPU.Build.0 = Release|Any CPU
		{411C26BB-7D91-2A9A-F47A-374706184CF1}.Debug|Any CPU.ActiveCfg = Debug|Any CPU
		{411C26BB-7D91-2A9A-F47A-374706184CF1}.Debug|Any CPU.Build.0 = Debug|Any CPU
		{411C26BB-7D91-2A9A-F47A-374706184CF1}.Release|Any CPU.ActiveCfg = Release|Any CPU
		{411C26BB-7D91-2A9A-F47A-374706184CF1}.Release|Any CPU.Build.0 = Release|Any CPU
	EndGlobalSection
	GlobalSection(SolutionProperties) = preSolution
		HideSolutionNode = FALSE
	EndGlobalSection
																																																																																																																																																																																																																																																																																																								GlobalSection(MonoDevelopProperties) = preSolution
		StartupItem = Assembly-CSharp.csproj
		Policies = $0
		$0.TextStylePolicy = $1
		$1.inheritsSet = null
		$1.scope = text/x-csharp
		$0.CSharpFormattingPolicy = $2
		$2.inheritsSet = Mono
		$2.inheritsScope = text/x-csharp
		$2.scope = text/x-csharp
		$0.TextStylePolicy = $3
		$3.FileWidth = 120
		$3.TabWidth = 4
		$3.IndentWidth = 4
		$3.EolMarker = Unix
		$3.inheritsSet = Mono
		$3.inheritsScope = text/plain
		$3.scope = text/plain
	EndGlobalSection

EndGlobal
